
Microsoft Visual Studio Solution File, Format Version 12.00
# Visual Studio Version 17
VisualStudioVersion = 17.7.34018.315
MinimumVisualStudioVersion = 10.0.40219.1
Project("{FAE04EC0-301F-11D3-BF4B-00C04F79EFBC}") = "Manager", "Manager\Manager.csproj", "{B19244AD-9E06-4168-BEE7-5768E7A7B385}"
EndProject
Project("{FAE04EC0-301F-11D3-BF4B-00C04F79EFBC}") = "DAL", "DAL\DAL.csproj", "{0A21A012-34A8-4FB6-BFF9-984130556574}"
EndProject
Project("{FAE04EC0-301F-11D3-BF4B-00C04F79EFBC}") = "BLL", "BLL\BLL.csproj", "{6496463E-8AA8-41B7-A380-043E92697AA1}"
EndProject
Global
	GlobalSection(SolutionConfigurationPlatforms) = preSolution
		Debug|Any CPU = Debug|Any CPU
		Release|Any CPU = Release|Any CPU
	EndGlobalSection
	GlobalSection(ProjectConfigurationPlatforms) = postSolution
		{B19244AD-9E06-4168-BEE7-5768E7A7B385}.Debug|Any CPU.ActiveCfg = Debug|Any CPU
		{B19244AD-9E06-4168-BEE7-5768E7A7B385}.Debug|Any CPU.Build.0 = Debug|Any CPU
		{B19244AD-9E06-4168-BEE7-5768E7A7B385}.Release|Any CPU.ActiveCfg = Release|Any CPU
		{B19244AD-9E06-4168-BEE7-5768E7A7B385}.Release|Any CPU.Build.0 = Release|Any CPU
		{0A21A012-34A8-4FB6-BFF9-984130556574}.Debug|Any CPU.ActiveCfg = Debug|Any CPU
		{0A21A012-34A8-4FB6-BFF9-984130556574}.Debug|Any CPU.Build.0 = Debug|Any CPU
		{0A21A012-34A8-4FB6-BFF9-984130556574}.Release|Any CPU.ActiveCfg = Release|Any CPU
		{0A21A012-34A8-4FB6-BFF9-984130556574}.Release|Any CPU.Build.0 = Release|Any CPU
		{6496463E-8AA8-41B7-A380-043E92697AA1}.Debug|Any CPU.ActiveCfg = Debug|Any CPU
		{6496463E-8AA8-41B7-A380-043E92697AA1}.Debug|Any CPU.Build.0 = Debug|Any CPU
		{6496463E-8AA8-41B7-A380-043E92697AA1}.Release|Any CPU.ActiveCfg = Release|Any CPU
		{6496463E-8AA8-41B7-A380-043E92697AA1}.Release|Any CPU.Build.0 = Release|Any CPU
	EndGlobalSection
	GlobalSection(SolutionProperties) = preSolution
		HideSolutionNode = FALSE
	EndGlobalSection
	GlobalSection(ExtensibilityGlobals) = postSolution
		SolutionGuid = {D88185FB-703B-42C8-AC7C-7F63FB2EF356}
	EndGlobalSection
EndGlobal
